
Microsoft Visual Studio Solution File, Format Version 12.00
# Visual Studio Version 17
VisualStudioVersion = 17.7.34024.191
MinimumVisualStudioVersion = 10.0.40219.1
Project("{FAE04EC0-301F-11D3-BF4B-00C04F79EFBC}") = "roads", "roads\roads.csproj", "{EEED14C8-DBE5-494A-87A8-6DDDEE55545C}"
EndProject
Global
	GlobalSection(SolutionConfigurationPlatforms) = preSolution
		Debug|Any CPU = Debug|Any CPU
		Release|Any CPU = Release|Any CPU
	EndGlobalSection
	GlobalSection(ProjectConfigurationPlatforms) = postSolution
		{EEED14C8-DBE5-494A-87A8-6DDDEE55545C}.Debug|Any CPU.ActiveCfg = Debug|Any CPU
		{EEED14C8-DBE5-494A-87A8-6DDDEE55545C}.Debug|Any CPU.Build.0 = Debug|Any CPU
		{EEED14C8-DBE5-494A-87A8-6DDDEE55545C}.Release|Any CPU.ActiveCfg = Release|Any CPU
		{EEED14C8-DBE5-494A-87A8-6DDDEE55545C}.Release|Any CPU.Build.0 = Release|Any CPU
	EndGlobalSection
	GlobalSection(SolutionProperties) = preSolution
		HideSolutionNode = FALSE
	EndGlobalSection
	GlobalSection(ExtensibilityGlobals) = postSolution
		SolutionGuid = {49C88668-094C-47F9-BC13-6537DB78184A}
	EndGlobalSection
EndGlobal
